
Microsoft Visual Studio Solution File, Format Version 12.00
# Visual Studio 14
VisualStudioVersion = 14.0.25420.1
MinimumVisualStudioVersion = 10.0.40219.1
Project("{FAE04EC0-301F-11D3-BF4B-00C04F79EFBC}") = "28-02-17", "28-02-17\28-02-17.csproj", "{EA13B251-0EE9-43E6-BFCE-7FA7761B08A5}"
EndProject
Global
	GlobalSection(SolutionConfigurationPlatforms) = preSolution
		Debug|Any CPU = Debug|Any CPU
		Release|Any CPU = Release|Any CPU
	EndGlobalSection
	GlobalSection(ProjectConfigurationPlatforms) = postSolution
		{EA13B251-0EE9-43E6-BFCE-7FA7761B08A5}.Debug|Any CPU.ActiveCfg = Debug|Any CPU
		{EA13B251-0EE9-43E6-BFCE-7FA7761B08A5}.Debug|Any CPU.Build.0 = Debug|Any CPU
		{EA13B251-0EE9-43E6-BFCE-7FA7761B08A5}.Release|Any CPU.ActiveCfg = Release|Any CPU
		{EA13B251-0EE9-43E6-BFCE-7FA7761B08A5}.Release|Any CPU.Build.0 = Release|Any CPU
	EndGlobalSection
	GlobalSection(SolutionProperties) = preSolution
		HideSolutionNode = FALSE
	EndGlobalSection
EndGlobal
